// !$*UTF8*$!
{
	archiveVersion = 1;
	classes = {
	};
	objectVersion = 56;
	objects = {

/* Begin PBXBuildFile section */
		0D06C5252AE0D9D2008E72D4 /* ChatUsersScreen.swift in Sources */ = {isa = PBXBuildFile; fileRef = 0D06C5242AE0D9D2008E72D4 /* ChatUsersScreen.swift */; };
		0D06C5272AE0D9E2008E72D4 /* User.swift in Sources */ = {isa = PBXBuildFile; fileRef = 0D06C5262AE0D9E2008E72D4 /* User.swift */; };
		0D06C5292AE0E946008E72D4 /* UserListCell.swift in Sources */ = {isa = PBXBuildFile; fileRef = 0D06C5282AE0E946008E72D4 /* UserListCell.swift */; };
		0D0D84E72AF45BCF0070BB5D /* ChatScreenViewModel.swift in Sources */ = {isa = PBXBuildFile; fileRef = 0D0D84E62AF45BCF0070BB5D /* ChatScreenViewModel.swift */; };
		0D4CF2CA2B127967003381C6 /* CoreDataLocalManager+MessageRepository.swift in Sources */ = {isa = PBXBuildFile; fileRef = 0D4CF2C92B127967003381C6 /* CoreDataLocalManager+MessageRepository.swift */; };
		0D4CF2CC2B12A9A2003381C6 /* CDUser+Helper.swift in Sources */ = {isa = PBXBuildFile; fileRef = 0D4CF2CB2B12A9A2003381C6 /* CDUser+Helper.swift */; };
		0D7897992AF54C2A00A4EFCF /* ContactsScreenView.swift in Sources */ = {isa = PBXBuildFile; fileRef = 0D7897982AF54C2A00A4EFCF /* ContactsScreenView.swift */; };
		0D79CBCB2B0822F7003E161A /* PersistenceController.swift in Sources */ = {isa = PBXBuildFile; fileRef = 0D79CBCA2B0822F7003E161A /* PersistenceController.swift */; };
		0D79CBD12B0A9CFE003E161A /* CDMessage+Helper.swift in Sources */ = {isa = PBXBuildFile; fileRef = 0D79CBD02B0A9CFE003E161A /* CDMessage+Helper.swift */; };
		0DAB40C12ADF712C00C5AF87 /* ChatAppApp.swift in Sources */ = {isa = PBXBuildFile; fileRef = 0DAB40C02ADF712C00C5AF87 /* ChatAppApp.swift */; };
		0DAB40C32ADF712C00C5AF87 /* ChatScreen.swift in Sources */ = {isa = PBXBuildFile; fileRef = 0DAB40C22ADF712C00C5AF87 /* ChatScreen.swift */; };
		0DAB40C52ADF712E00C5AF87 /* Assets.xcassets in Resources */ = {isa = PBXBuildFile; fileRef = 0DAB40C42ADF712E00C5AF87 /* Assets.xcassets */; };
		0DAB40C82ADF712E00C5AF87 /* Preview Assets.xcassets in Resources */ = {isa = PBXBuildFile; fileRef = 0DAB40C72ADF712E00C5AF87 /* Preview Assets.xcassets */; };
		0DAB40D02ADF720F00C5AF87 /* MessageView.swift in Sources */ = {isa = PBXBuildFile; fileRef = 0DAB40CF2ADF720F00C5AF87 /* MessageView.swift */; };
		0DAB40D32ADF722800C5AF87 /* Message.swift in Sources */ = {isa = PBXBuildFile; fileRef = 0DAB40D22ADF722800C5AF87 /* Message.swift */; };
		0DC646DD2AE22E3400CC36A4 /* ChatScreenTextField.swift in Sources */ = {isa = PBXBuildFile; fileRef = 0DC646DC2AE22E3400CC36A4 /* ChatScreenTextField.swift */; };
		0DC646E32AE236FD00CC36A4 /* Model.xcdatamodeld in Sources */ = {isa = PBXBuildFile; fileRef = 0DC646E12AE236FD00CC36A4 /* Model.xcdatamodeld */; };
		0DC66AE02AE6CC7100CC36A4 /* ChatUsersScreenViewModel.swift in Sources */ = {isa = PBXBuildFile; fileRef = 0DC66ADF2AE6CC7100CC36A4 /* ChatUsersScreenViewModel.swift */; };
		0DC678412AE72BAE00CC36A4 /* EmptyChatView.swift in Sources */ = {isa = PBXBuildFile; fileRef = 0DC678402AE72BAE00CC36A4 /* EmptyChatView.swift */; };
		0DEF684F2B0AC7BD00A074ED /* AddNewUserScreen.swift in Sources */ = {isa = PBXBuildFile; fileRef = 0DEF684E2B0AC7BD00A074ED /* AddNewUserScreen.swift */; };
		0DEF74132B0D580E00A074ED /* Repository.swift in Sources */ = {isa = PBXBuildFile; fileRef = 0DEF74122B0D580E00A074ED /* Repository.swift */; };
		0DEF74152B0E90F700A074ED /* CoreDataClient.swift in Sources */ = {isa = PBXBuildFile; fileRef = 0DEF74142B0E90F700A074ED /* CoreDataClient.swift */; };
		0DEF74172B0EA3B700A074ED /* NSPredicate+Helper.swift in Sources */ = {isa = PBXBuildFile; fileRef = 0DEF74162B0EA3B700A074ED /* NSPredicate+Helper.swift */; };
		0DEF741A2B0EA42100A074ED /* CoreDataLocalManager.swift in Sources */ = {isa = PBXBuildFile; fileRef = 0DEF74192B0EA42100A074ED /* CoreDataLocalManager.swift */; };
		0DEF741C2B0EA4E500A074ED /* CoreDataLocalManager+UsersRepository.swift in Sources */ = {isa = PBXBuildFile; fileRef = 0DEF741B2B0EA4E500A074ED /* CoreDataLocalManager+UsersRepository.swift */; };
/* End PBXBuildFile section */

/* Begin PBXFileReference section */
		0D06C5242AE0D9D2008E72D4 /* ChatUsersScreen.swift */ = {isa = PBXFileReference; lastKnownFileType = sourcecode.swift; path = ChatUsersScreen.swift; sourceTree = "<group>"; };
		0D06C5262AE0D9E2008E72D4 /* User.swift */ = {isa = PBXFileReference; lastKnownFileType = sourcecode.swift; path = User.swift; sourceTree = "<group>"; };
		0D06C5282AE0E946008E72D4 /* UserListCell.swift */ = {isa = PBXFileReference; lastKnownFileType = sourcecode.swift; path = UserListCell.swift; sourceTree = "<group>"; };
		0D0D84E62AF45BCF0070BB5D /* ChatScreenViewModel.swift */ = {isa = PBXFileReference; lastKnownFileType = sourcecode.swift; path = ChatScreenViewModel.swift; sourceTree = "<group>"; };
		0D4CF2C92B127967003381C6 /* CoreDataLocalManager+MessageRepository.swift */ = {isa = PBXFileReference; lastKnownFileType = sourcecode.swift; path = "CoreDataLocalManager+MessageRepository.swift"; sourceTree = "<group>"; };
		0D4CF2CB2B12A9A2003381C6 /* CDUser+Helper.swift */ = {isa = PBXFileReference; lastKnownFileType = sourcecode.swift; path = "CDUser+Helper.swift"; sourceTree = "<group>"; };
		0D7897982AF54C2A00A4EFCF /* ContactsScreenView.swift */ = {isa = PBXFileReference; lastKnownFileType = sourcecode.swift; path = ContactsScreenView.swift; sourceTree = "<group>"; };
		0D79CBCA2B0822F7003E161A /* PersistenceController.swift */ = {isa = PBXFileReference; lastKnownFileType = sourcecode.swift; path = PersistenceController.swift; sourceTree = "<group>"; };
		0D79CBD02B0A9CFE003E161A /* CDMessage+Helper.swift */ = {isa = PBXFileReference; lastKnownFileType = sourcecode.swift; path = "CDMessage+Helper.swift"; sourceTree = "<group>"; };
		0DAB40BD2ADF712C00C5AF87 /* ChatApp.app */ = {isa = PBXFileReference; explicitFileType = wrapper.application; includeInIndex = 0; path = ChatApp.app; sourceTree = BUILT_PRODUCTS_DIR; };
		0DAB40C02ADF712C00C5AF87 /* ChatAppApp.swift */ = {isa = PBXFileReference; lastKnownFileType = sourcecode.swift; path = ChatAppApp.swift; sourceTree = "<group>"; };
		0DAB40C22ADF712C00C5AF87 /* ChatScreen.swift */ = {isa = PBXFileReference; lastKnownFileType = sourcecode.swift; path = ChatScreen.swift; sourceTree = "<group>"; };
		0DAB40C42ADF712E00C5AF87 /* Assets.xcassets */ = {isa = PBXFileReference; lastKnownFileType = folder.assetcatalog; path = Assets.xcassets; sourceTree = "<group>"; };
		0DAB40C72ADF712E00C5AF87 /* Preview Assets.xcassets */ = {isa = PBXFileReference; lastKnownFileType = folder.assetcatalog; path = "Preview Assets.xcassets"; sourceTree = "<group>"; };
		0DAB40CF2ADF720F00C5AF87 /* MessageView.swift */ = {isa = PBXFileReference; lastKnownFileType = sourcecode.swift; path = MessageView.swift; sourceTree = "<group>"; };
		0DAB40D22ADF722800C5AF87 /* Message.swift */ = {isa = PBXFileReference; lastKnownFileType = sourcecode.swift; path = Message.swift; sourceTree = "<group>"; };
		0DC646DC2AE22E3400CC36A4 /* ChatScreenTextField.swift */ = {isa = PBXFileReference; lastKnownFileType = sourcecode.swift; path = ChatScreenTextField.swift; sourceTree = "<group>"; };
		0DC646E22AE236FD00CC36A4 /* Model.xcdatamodel */ = {isa = PBXFileReference; lastKnownFileType = wrapper.xcdatamodel; path = Model.xcdatamodel; sourceTree = "<group>"; };
		0DC66ADF2AE6CC7100CC36A4 /* ChatUsersScreenViewModel.swift */ = {isa = PBXFileReference; lastKnownFileType = sourcecode.swift; path = ChatUsersScreenViewModel.swift; sourceTree = "<group>"; };
		0DC678402AE72BAE00CC36A4 /* EmptyChatView.swift */ = {isa = PBXFileReference; lastKnownFileType = sourcecode.swift; path = EmptyChatView.swift; sourceTree = "<group>"; };
		0DEF684E2B0AC7BD00A074ED /* AddNewUserScreen.swift */ = {isa = PBXFileReference; lastKnownFileType = sourcecode.swift; path = AddNewUserScreen.swift; sourceTree = "<group>"; };
		0DEF74122B0D580E00A074ED /* Repository.swift */ = {isa = PBXFileReference; lastKnownFileType = sourcecode.swift; path = Repository.swift; sourceTree = "<group>"; };
		0DEF74142B0E90F700A074ED /* CoreDataClient.swift */ = {isa = PBXFileReference; lastKnownFileType = sourcecode.swift; path = CoreDataClient.swift; sourceTree = "<group>"; };
		0DEF74162B0EA3B700A074ED /* NSPredicate+Helper.swift */ = {isa = PBXFileReference; lastKnownFileType = sourcecode.swift; path = "NSPredicate+Helper.swift"; sourceTree = "<group>"; };
		0DEF74192B0EA42100A074ED /* CoreDataLocalManager.swift */ = {isa = PBXFileReference; lastKnownFileType = sourcecode.swift; path = CoreDataLocalManager.swift; sourceTree = "<group>"; };
		0DEF741B2B0EA4E500A074ED /* CoreDataLocalManager+UsersRepository.swift */ = {isa = PBXFileReference; lastKnownFileType = sourcecode.swift; path = "CoreDataLocalManager+UsersRepository.swift"; sourceTree = "<group>"; };
/* End PBXFileReference section */

/* Begin PBXFrameworksBuildPhase section */
		0DAB40BA2ADF712C00C5AF87 /* Frameworks */ = {
			isa = PBXFrameworksBuildPhase;
			buildActionMask = 2147483647;
			files = (
			);
			runOnlyForDeploymentPostprocessing = 0;
		};
/* End PBXFrameworksBuildPhase section */

/* Begin PBXGroup section */
		0D0D84E82AF4A22B0070BB5D /* DataManager */ = {
			isa = PBXGroup;
			children = (
				0DEF74112B0D57FB00A074ED /* Repository */,
				0D0D84E92AF4A2360070BB5D /* RemoteDatamNager */,
				0DC646E62AE2385D00CC36A4 /* LocalDataManager */,
			);
			path = DataManager;
			sourceTree = "<group>";
		};
		0D0D84E92AF4A2360070BB5D /* RemoteDatamNager */ = {
			isa = PBXGroup;
			children = (
			);
			path = RemoteDatamNager;
			sourceTree = "<group>";
		};
		0D7897972AF54BE000A4EFCF /* ContactsScreen */ = {
			isa = PBXGroup;
			children = (
				0D7897982AF54C2A00A4EFCF /* ContactsScreenView.swift */,
				0DEF684E2B0AC7BD00A074ED /* AddNewUserScreen.swift */,
			);
			path = ContactsScreen;
			sourceTree = "<group>";
		};
		0D79CBCF2B0A9CEB003E161A /* Helpers */ = {
			isa = PBXGroup;
			children = (
				0D79CBD02B0A9CFE003E161A /* CDMessage+Helper.swift */,
				0DEF74162B0EA3B700A074ED /* NSPredicate+Helper.swift */,
				0D4CF2CB2B12A9A2003381C6 /* CDUser+Helper.swift */,
			);
			path = Helpers;
			sourceTree = "<group>";
		};
		0DAB40B42ADF712C00C5AF87 = {
			isa = PBXGroup;
			children = (
				0DAB40BF2ADF712C00C5AF87 /* ChatApp */,
				0DAB40BE2ADF712C00C5AF87 /* Products */,
			);
			sourceTree = "<group>";
		};
		0DAB40BE2ADF712C00C5AF87 /* Products */ = {
			isa = PBXGroup;
			children = (
				0DAB40BD2ADF712C00C5AF87 /* ChatApp.app */,
			);
			name = Products;
			sourceTree = "<group>";
		};
		0DAB40BF2ADF712C00C5AF87 /* ChatApp */ = {
			isa = PBXGroup;
			children = (
				0D0D84E82AF4A22B0070BB5D /* DataManager */,
				0DAB40D12ADF721800C5AF87 /* Models */,
				0DAB40CE2ADF71F800C5AF87 /* Views */,
				0DAB40C02ADF712C00C5AF87 /* ChatAppApp.swift */,
				0DAB40C42ADF712E00C5AF87 /* Assets.xcassets */,
				0DAB40C62ADF712E00C5AF87 /* Preview Content */,
			);
			path = ChatApp;
			sourceTree = "<group>";
		};
		0DAB40C62ADF712E00C5AF87 /* Preview Content */ = {
			isa = PBXGroup;
			children = (
				0DAB40C72ADF712E00C5AF87 /* Preview Assets.xcassets */,
			);
			path = "Preview Content";
			sourceTree = "<group>";
		};
		0DAB40CE2ADF71F800C5AF87 /* Views */ = {
			isa = PBXGroup;
			children = (
				0D7897972AF54BE000A4EFCF /* ContactsScreen */,
				0DC66ADE2AE6CAFB00CC36A4 /* ChatUsersScreen */,
				0DC66ADD2AE6CA7F00CC36A4 /* ChatScreen */,
			);
			path = Views;
			sourceTree = "<group>";
		};
		0DAB40D12ADF721800C5AF87 /* Models */ = {
			isa = PBXGroup;
			children = (
				0DAB40D22ADF722800C5AF87 /* Message.swift */,
				0D06C5262AE0D9E2008E72D4 /* User.swift */,
			);
			path = Models;
			sourceTree = "<group>";
		};
		0DC646E62AE2385D00CC36A4 /* LocalDataManager */ = {
			isa = PBXGroup;
			children = (
				0DEF74182B0EA3E900A074ED /* CoreData */,
			);
			path = LocalDataManager;
			sourceTree = "<group>";
		};
		0DC66ADD2AE6CA7F00CC36A4 /* ChatScreen */ = {
			isa = PBXGroup;
			children = (
				0DAB40CF2ADF720F00C5AF87 /* MessageView.swift */,
				0DC646DC2AE22E3400CC36A4 /* ChatScreenTextField.swift */,
				0DAB40C22ADF712C00C5AF87 /* ChatScreen.swift */,
				0D0D84E62AF45BCF0070BB5D /* ChatScreenViewModel.swift */,
			);
			path = ChatScreen;
			sourceTree = "<group>";
		};
		0DC66ADE2AE6CAFB00CC36A4 /* ChatUsersScreen */ = {
			isa = PBXGroup;
			children = (
				0D06C5282AE0E946008E72D4 /* UserListCell.swift */,
				0D06C5242AE0D9D2008E72D4 /* ChatUsersScreen.swift */,
				0DC66ADF2AE6CC7100CC36A4 /* ChatUsersScreenViewModel.swift */,
				0DC678402AE72BAE00CC36A4 /* EmptyChatView.swift */,
			);
			path = ChatUsersScreen;
			sourceTree = "<group>";
		};
		0DEF74112B0D57FB00A074ED /* Repository */ = {
			isa = PBXGroup;
			children = (
				0DEF74122B0D580E00A074ED /* Repository.swift */,
			);
			path = Repository;
			sourceTree = "<group>";
		};
		0DEF74182B0EA3E900A074ED /* CoreData */ = {
			isa = PBXGroup;
			children = (
				0D79CBCA2B0822F7003E161A /* PersistenceController.swift */,
				0DEF74142B0E90F700A074ED /* CoreDataClient.swift */,
				0DC646E12AE236FD00CC36A4 /* Model.xcdatamodeld */,
				0DEF74192B0EA42100A074ED /* CoreDataLocalManager.swift */,
				0DEF741B2B0EA4E500A074ED /* CoreDataLocalManager+UsersRepository.swift */,
				0D4CF2C92B127967003381C6 /* CoreDataLocalManager+MessageRepository.swift */,
				0D79CBCF2B0A9CEB003E161A /* Helpers */,
			);
			path = CoreData;
			sourceTree = "<group>";
		};
/* End PBXGroup section */

/* Begin PBXNativeTarget section */
		0DAB40BC2ADF712C00C5AF87 /* ChatApp */ = {
			isa = PBXNativeTarget;
			buildConfigurationList = 0DAB40CB2ADF712E00C5AF87 /* Build configuration list for PBXNativeTarget "ChatApp" */;
			buildPhases = (
				0DAB40B92ADF712C00C5AF87 /* Sources */,
				0DAB40BA2ADF712C00C5AF87 /* Frameworks */,
				0DAB40BB2ADF712C00C5AF87 /* Resources */,
			);
			buildRules = (
			);
			dependencies = (
			);
			name = ChatApp;
			productName = ChatApp;
			productReference = 0DAB40BD2ADF712C00C5AF87 /* ChatApp.app */;
			productType = "com.apple.product-type.application";
		};
/* End PBXNativeTarget section */

/* Begin PBXProject section */
		0DAB40B52ADF712C00C5AF87 /* Project object */ = {
			isa = PBXProject;
			attributes = {
				BuildIndependentTargetsInParallel = 1;
				LastSwiftUpdateCheck = 1410;
				LastUpgradeCheck = 1410;
				TargetAttributes = {
					0DAB40BC2ADF712C00C5AF87 = {
						CreatedOnToolsVersion = 14.1;
					};
				};
			};
			buildConfigurationList = 0DAB40B82ADF712C00C5AF87 /* Build configuration list for PBXProject "ChatApp" */;
			compatibilityVersion = "Xcode 14.0";
			developmentRegion = en;
			hasScannedForEncodings = 0;
			knownRegions = (
				en,
				Base,
			);
			mainGroup = 0DAB40B42ADF712C00C5AF87;
			productRefGroup = 0DAB40BE2ADF712C00C5AF87 /* Products */;
			projectDirPath = "";
			projectRoot = "";
			targets = (
				0DAB40BC2ADF712C00C5AF87 /* ChatApp */,
			);
		};
/* End PBXProject section */

/* Begin PBXResourcesBuildPhase section */
		0DAB40BB2ADF712C00C5AF87 /* Resources */ = {
			isa = PBXResourcesBuildPhase;
			buildActionMask = 2147483647;
			files = (
				0DAB40C82ADF712E00C5AF87 /* Preview Assets.xcassets in Resources */,
				0DAB40C52ADF712E00C5AF87 /* Assets.xcassets in Resources */,
			);
			runOnlyForDeploymentPostprocessing = 0;
		};
/* End PBXResourcesBuildPhase section */

/* Begin PBXSourcesBuildPhase section */
		0DAB40B92ADF712C00C5AF87 /* Sources */ = {
			isa = PBXSourcesBuildPhase;
			buildActionMask = 2147483647;
			files = (
				0D06C5292AE0E946008E72D4 /* UserListCell.swift in Sources */,
				0D06C5252AE0D9D2008E72D4 /* ChatUsersScreen.swift in Sources */,
				0DEF74172B0EA3B700A074ED /* NSPredicate+Helper.swift in Sources */,
				0DC646DD2AE22E3400CC36A4 /* ChatScreenTextField.swift in Sources */,
				0D4CF2CA2B127967003381C6 /* CoreDataLocalManager+MessageRepository.swift in Sources */,
				0DEF74132B0D580E00A074ED /* Repository.swift in Sources */,
				0D79CBD12B0A9CFE003E161A /* CDMessage+Helper.swift in Sources */,
				0D0D84E72AF45BCF0070BB5D /* ChatScreenViewModel.swift in Sources */,
				0DC678412AE72BAE00CC36A4 /* EmptyChatView.swift in Sources */,
				0DAB40D02ADF720F00C5AF87 /* MessageView.swift in Sources */,
				0DEF741A2B0EA42100A074ED /* CoreDataLocalManager.swift in Sources */,
				0DAB40D32ADF722800C5AF87 /* Message.swift in Sources */,
				0DEF741C2B0EA4E500A074ED /* CoreDataLocalManager+UsersRepository.swift in Sources */,
				0DAB40C32ADF712C00C5AF87 /* ChatScreen.swift in Sources */,
				0DC646E32AE236FD00CC36A4 /* Model.xcdatamodeld in Sources */,
				0DEF74152B0E90F700A074ED /* CoreDataClient.swift in Sources */,
				0D4CF2CC2B12A9A2003381C6 /* CDUser+Helper.swift in Sources */,
				0D7897992AF54C2A00A4EFCF /* ContactsScreenView.swift in Sources */,
				0DC66AE02AE6CC7100CC36A4 /* ChatUsersScreenViewModel.swift in Sources */,
				0DAB40C12ADF712C00C5AF87 /* ChatAppApp.swift in Sources */,
				0D06C5272AE0D9E2008E72D4 /* User.swift in Sources */,
				0D79CBCB2B0822F7003E161A /* PersistenceController.swift in Sources */,
				0DEF684F2B0AC7BD00A074ED /* AddNewUserScreen.swift in Sources */,
			);
			runOnlyForDeploymentPostprocessing = 0;
		};
/* End PBXSourcesBuildPhase section */

/* Begin XCBuildConfiguration section */
		0DAB40C92ADF712E00C5AF87 /* Debug */ = {
			isa = XCBuildConfiguration;
			buildSettings = {
				ALWAYS_SEARCH_USER_PATHS = NO;
				CLANG_ANALYZER_NONNULL = YES;
				CLANG_ANALYZER_NUMBER_OBJECT_CONVERSION = YES_AGGRESSIVE;
				CLANG_CXX_LANGUAGE_STANDARD = "gnu++20";
				CLANG_ENABLE_MODULES = YES;
				CLANG_ENABLE_OBJC_ARC = YES;
				CLANG_ENABLE_OBJC_WEAK = YES;
				CLANG_WARN_BLOCK_CAPTURE_AUTORELEASING = YES;
				CLANG_WARN_BOOL_CONVERSION = YES;
				CLANG_WARN_COMMA = YES;
				CLANG_WARN_CONSTANT_CONVERSION = YES;
				CLANG_WARN_DEPRECATED_OBJC_IMPLEMENTATIONS = YES;
				CLANG_WARN_DIRECT_OBJC_ISA_USAGE = YES_ERROR;
				CLANG_WARN_DOCUMENTATION_COMMENTS = YES;
				CLANG_WARN_EMPTY_BODY = YES;
				CLANG_WARN_ENUM_CONVERSION = YES;
				CLANG_WARN_INFINITE_RECURSION = YES;
				CLANG_WARN_INT_CONVERSION = YES;
				CLANG_WARN_NON_LITERAL_NULL_CONVERSION = YES;
				CLANG_WARN_OBJC_IMPLICIT_RETAIN_SELF = YES;
				CLANG_WARN_OBJC_LITERAL_CONVERSION = YES;
				CLANG_WARN_OBJC_ROOT_CLASS = YES_ERROR;
				CLANG_WARN_QUOTED_INCLUDE_IN_FRAMEWORK_HEADER = YES;
				CLANG_WARN_RANGE_LOOP_ANALYSIS = YES;
				CLANG_WARN_STRICT_PROTOTYPES = YES;
				CLANG_WARN_SUSPICIOUS_MOVE = YES;
				CLANG_WARN_UNGUARDED_AVAILABILITY = YES_AGGRESSIVE;
				CLANG_WARN_UNREACHABLE_CODE = YES;
				CLANG_WARN__DUPLICATE_METHOD_MATCH = YES;
				COPY_PHASE_STRIP = NO;
				DEBUG_INFORMATION_FORMAT = dwarf;
				ENABLE_STRICT_OBJC_MSGSEND = YES;
				ENABLE_TESTABILITY = YES;
				GCC_C_LANGUAGE_STANDARD = gnu11;
				GCC_DYNAMIC_NO_PIC = NO;
				GCC_NO_COMMON_BLOCKS = YES;
				GCC_OPTIMIZATION_LEVEL = 0;
				GCC_PREPROCESSOR_DEFINITIONS = (
					"DEBUG=1",
					"$(inherited)",
				);
				GCC_WARN_64_TO_32_BIT_CONVERSION = YES;
				GCC_WARN_ABOUT_RETURN_TYPE = YES_ERROR;
				GCC_WARN_UNDECLARED_SELECTOR = YES;
				GCC_WARN_UNINITIALIZED_AUTOS = YES_AGGRESSIVE;
				GCC_WARN_UNUSED_FUNCTION = YES;
				GCC_WARN_UNUSED_VARIABLE = YES;
				IPHONEOS_DEPLOYMENT_TARGET = 16.1;
				MTL_ENABLE_DEBUG_INFO = INCLUDE_SOURCE;
				MTL_FAST_MATH = YES;
				ONLY_ACTIVE_ARCH = YES;
				SDKROOT = iphoneos;
				SWIFT_ACTIVE_COMPILATION_CONDITIONS = DEBUG;
				SWIFT_OPTIMIZATION_LEVEL = "-Onone";
			};
			name = Debug;
		};
		0DAB40CA2ADF712E00C5AF87 /* Release */ = {
			isa = XCBuildConfiguration;
			buildSettings = {
				ALWAYS_SEARCH_USER_PATHS = NO;
				CLANG_ANALYZER_NONNULL = YES;
				CLANG_ANALYZER_NUMBER_OBJECT_CONVERSION = YES_AGGRESSIVE;
				CLANG_CXX_LANGUAGE_STANDARD = "gnu++20";
				CLANG_ENABLE_MODULES = YES;
				CLANG_ENABLE_OBJC_ARC = YES;
				CLANG_ENABLE_OBJC_WEAK = YES;
				CLANG_WARN_BLOCK_CAPTURE_AUTORELEASING = YES;
				CLANG_WARN_BOOL_CONVERSION = YES;
				CLANG_WARN_COMMA = YES;
				CLANG_WARN_CONSTANT_CONVERSION = YES;
				CLANG_WARN_DEPRECATED_OBJC_IMPLEMENTATIONS = YES;
				CLANG_WARN_DIRECT_OBJC_ISA_USAGE = YES_ERROR;
				CLANG_WARN_DOCUMENTATION_COMMENTS = YES;
				CLANG_WARN_EMPTY_BODY = YES;
				CLANG_WARN_ENUM_CONVERSION = YES;
				CLANG_WARN_INFINITE_RECURSION = YES;
				CLANG_WARN_INT_CONVERSION = YES;
				CLANG_WARN_NON_LITERAL_NULL_CONVERSION = YES;
				CLANG_WARN_OBJC_IMPLICIT_RETAIN_SELF = YES;
				CLANG_WARN_OBJC_LITERAL_CONVERSION = YES;
				CLANG_WARN_OBJC_ROOT_CLASS = YES_ERROR;
				CLANG_WARN_QUOTED_INCLUDE_IN_FRAMEWORK_HEADER = YES;
				CLANG_WARN_RANGE_LOOP_ANALYSIS = YES;
				CLANG_WARN_STRICT_PROTOTYPES = YES;
				CLANG_WARN_SUSPICIOUS_MOVE = YES;
				CLANG_WARN_UNGUARDED_AVAILABILITY = YES_AGGRESSIVE;
				CLANG_WARN_UNREACHABLE_CODE = YES;
				CLANG_WARN__DUPLICATE_METHOD_MATCH = YES;
				COPY_PHASE_STRIP = NO;
				DEBUG_INFORMATION_FORMAT = "dwarf-with-dsym";
				ENABLE_NS_ASSERTIONS = NO;
				ENABLE_STRICT_OBJC_MSGSEND = YES;
				GCC_C_LANGUAGE_STANDARD = gnu11;
				GCC_NO_COMMON_BLOCKS = YES;
				GCC_WARN_64_TO_32_BIT_CONVERSION = YES;
				GCC_WARN_ABOUT_RETURN_TYPE = YES_ERROR;
				GCC_WARN_UNDECLARED_SELECTOR = YES;
				GCC_WARN_UNINITIALIZED_AUTOS = YES_AGGRESSIVE;
				GCC_WARN_UNUSED_FUNCTION = YES;
				GCC_WARN_UNUSED_VARIABLE = YES;
				IPHONEOS_DEPLOYMENT_TARGET = 16.1;
				MTL_ENABLE_DEBUG_INFO = NO;
				MTL_FAST_MATH = YES;
				SDKROOT = iphoneos;
				SWIFT_COMPILATION_MODE = wholemodule;
				SWIFT_OPTIMIZATION_LEVEL = "-O";
				VALIDATE_PRODUCT = YES;
			};
			name = Release;
		};
		0DAB40CC2ADF712E00C5AF87 /* Debug */ = {
			isa = XCBuildConfiguration;
			buildSettings = {
				ASSETCATALOG_COMPILER_APPICON_NAME = AppIcon;
				ASSETCATALOG_COMPILER_GLOBAL_ACCENT_COLOR_NAME = AccentColor;
				CODE_SIGN_STYLE = Automatic;
				CURRENT_PROJECT_VERSION = 1;
				DEVELOPMENT_ASSET_PATHS = "\"ChatApp/Preview Content\"";
				DEVELOPMENT_TEAM = NB39P7447Q;
				ENABLE_PREVIEWS = YES;
				GENERATE_INFOPLIST_FILE = YES;
				INFOPLIST_KEY_UIApplicationSceneManifest_Generation = YES;
				INFOPLIST_KEY_UIApplicationSupportsIndirectInputEvents = YES;
				INFOPLIST_KEY_UILaunchScreen_Generation = YES;
				INFOPLIST_KEY_UISupportedInterfaceOrientations_iPad = "UIInterfaceOrientationPortrait UIInterfaceOrientationPortraitUpsideDown UIInterfaceOrientationLandscapeLeft UIInterfaceOrientationLandscapeRight";
				INFOPLIST_KEY_UISupportedInterfaceOrientations_iPhone = "UIInterfaceOrientationPortrait UIInterfaceOrientationLandscapeLeft UIInterfaceOrientationLandscapeRight";
				LD_RUNPATH_SEARCH_PATHS = (
					"$(inherited)",
					"@executable_path/Frameworks",
				);
				MARKETING_VERSION = 1.0;
				PRODUCT_BUNDLE_IDENTIFIER = com.omargreyes.ChatApp;
				PRODUCT_NAME = "$(TARGET_NAME)";
				SWIFT_EMIT_LOC_STRINGS = YES;
				SWIFT_VERSION = 5.0;
				TARGETED_DEVICE_FAMILY = "1,2";
			};
			name = Debug;
		};
		0DAB40CD2ADF712E00C5AF87 /* Release */ = {
			isa = XCBuildConfiguration;
			buildSettings = {
				ASSETCATALOG_COMPILER_APPICON_NAME = AppIcon;
				ASSETCATALOG_COMPILER_GLOBAL_ACCENT_COLOR_NAME = AccentColor;
				CODE_SIGN_STYLE = Automatic;
				CURRENT_PROJECT_VERSION = 1;
				DEVELOPMENT_ASSET_PATHS = "\"ChatApp/Preview Content\"";
				DEVELOPMENT_TEAM = NB39P7447Q;
				ENABLE_PREVIEWS = YES;
				GENERATE_INFOPLIST_FILE = YES;
				INFOPLIST_KEY_UIApplicationSceneManifest_Generation = YES;
				INFOPLIST_KEY_UIApplicationSupportsIndirectInputEvents = YES;
				INFOPLIST_KEY_UILaunchScreen_Generation = YES;
				INFOPLIST_KEY_UISupportedInterfaceOrientations_iPad = "UIInterfaceOrientationPortrait UIInterfaceOrientationPortraitUpsideDown UIInterfaceOrientationLandscapeLeft UIInterfaceOrientationLandscapeRight";
				INFOPLIST_KEY_UISupportedInterfaceOrientations_iPhone = "UIInterfaceOrientationPortrait UIInterfaceOrientationLandscapeLeft UIInterfaceOrientationLandscapeRight";
				LD_RUNPATH_SEARCH_PATHS = (
					"$(inherited)",
					"@executable_path/Frameworks",
				);
				MARKETING_VERSION = 1.0;
				PRODUCT_BUNDLE_IDENTIFIER = com.omargreyes.ChatApp;
				PRODUCT_NAME = "$(TARGET_NAME)";
				SWIFT_EMIT_LOC_STRINGS = YES;
				SWIFT_VERSION = 5.0;
				TARGETED_DEVICE_FAMILY = "1,2";
			};
			name = Release;
		};
/* End XCBuildConfiguration section */

/* Begin XCConfigurationList section */
		0DAB40B82ADF712C00C5AF87 /* Build configuration list for PBXProject "ChatApp" */ = {
			isa = XCConfigurationList;
			buildConfigurations = (
				0DAB40C92ADF712E00C5AF87 /* Debug */,
				0DAB40CA2ADF712E00C5AF87 /* Release */,
			);
			defaultConfigurationIsVisible = 0;
			defaultConfigurationName = Release;
		};
		0DAB40CB2ADF712E00C5AF87 /* Build configuration list for PBXNativeTarget "ChatApp" */ = {
			isa = XCConfigurationList;
			buildConfigurations = (
				0DAB40CC2ADF712E00C5AF87 /* Debug */,
				0DAB40CD2ADF712E00C5AF87 /* Release */,
			);
			defaultConfigurationIsVisible = 0;
			defaultConfigurationName = Release;
		};
/* End XCConfigurationList section */

/* Begin XCVersionGroup section */
		0DC646E12AE236FD00CC36A4 /* Model.xcdatamodeld */ = {
			isa = XCVersionGroup;
			children = (
				0DC646E22AE236FD00CC36A4 /* Model.xcdatamodel */,
			);
			currentVersion = 0DC646E22AE236FD00CC36A4 /* Model.xcdatamodel */;
			path = Model.xcdatamodeld;
			sourceTree = "<group>";
			versionGroupType = wrapper.xcdatamodel;
		};
/* End XCVersionGroup section */
	};
	rootObject = 0DAB40B52ADF712C00C5AF87 /* Project object */;
}
